
Microsoft Visual Studio Solution File, Format Version 12.00
# Visual Studio Version 17
VisualStudioVersion = 17.7.34031.279
MinimumVisualStudioVersion = 10.0.40219.1
Project("{FAE04EC0-301F-11D3-BF4B-00C04F79EFBC}") = "project", "project\project.csproj", "{89EA37CC-8B76-425C-A6AD-CB0F3E83AFBC}"
EndProject
Project("{FAE04EC0-301F-11D3-BF4B-00C04F79EFBC}") = "BLL", "BLL\BLL.csproj", "{F3B460B0-BE84-44B8-B02F-2021515D0A3B}"
EndProject
Project("{FAE04EC0-301F-11D3-BF4B-00C04F79EFBC}") = "DAL", "DAL\DAL.csproj", "{B5B62DEE-E114-4CA5-A7F4-D05799973E9A}"
EndProject
Global
	GlobalSection(SolutionConfigurationPlatforms) = preSolution
		Debug|Any CPU = Debug|Any CPU
		Release|Any CPU = Release|Any CPU
	EndGlobalSection
	GlobalSection(ProjectConfigurationPlatforms) = postSolution
		{89EA37CC-8B76-425C-A6AD-CB0F3E83AFBC}.Debug|Any CPU.ActiveCfg = Debug|Any CPU
		{89EA37CC-8B76-425C-A6AD-CB0F3E83AFBC}.Debug|Any CPU.Build.0 = Debug|Any CPU
		{89EA37CC-8B76-425C-A6AD-CB0F3E83AFBC}.Release|Any CPU.ActiveCfg = Release|Any CPU
		{89EA37CC-8B76-425C-A6AD-CB0F3E83AFBC}.Release|Any CPU.Build.0 = Release|Any CPU
		{F3B460B0-BE84-44B8-B02F-2021515D0A3B}.Debug|Any CPU.ActiveCfg = Debug|Any CPU
		{F3B460B0-BE84-44B8-B02F-2021515D0A3B}.Debug|Any CPU.Build.0 = Debug|Any CPU
		{F3B460B0-BE84-44B8-B02F-2021515D0A3B}.Release|Any CPU.ActiveCfg = Release|Any CPU
		{F3B460B0-BE84-44B8-B02F-2021515D0A3B}.Release|Any CPU.Build.0 = Release|Any CPU
		{B5B62DEE-E114-4CA5-A7F4-D05799973E9A}.Debug|Any CPU.ActiveCfg = Debug|Any CPU
		{B5B62DEE-E114-4CA5-A7F4-D05799973E9A}.Debug|Any CPU.Build.0 = Debug|Any CPU
		{B5B62DEE-E114-4CA5-A7F4-D05799973E9A}.Release|Any CPU.ActiveCfg = Release|Any CPU
		{B5B62DEE-E114-4CA5-A7F4-D05799973E9A}.Release|Any CPU.Build.0 = Release|Any CPU
	EndGlobalSection
	GlobalSection(SolutionProperties) = preSolution
		HideSolutionNode = FALSE
	EndGlobalSection
	GlobalSection(ExtensibilityGlobals) = postSolution
		SolutionGuid = {86A0C16B-FC80-4F3A-B22B-B1B584EA1923}
	EndGlobalSection
EndGlobal
